
Microsoft Visual Studio Solution File, Format Version 12.00
# Visual Studio Version 17
VisualStudioVersion = 17.9.34622.214
MinimumVisualStudioVersion = 10.0.40219.1
Project("{C9674DCB-5085-4A16-B785-4C70DD1589BD}") = "SSIS-NewDeployment", "SSIS-NewDeployment.dtproj", "{5F66F322-B9DF-4376-9480-60431BFC82F8}"
EndProject
Global
	GlobalSection(SolutionConfigurationPlatforms) = preSolution
		Development|Default = Development|Default
	EndGlobalSection
	GlobalSection(ProjectConfigurationPlatforms) = postSolution
		{5F66F322-B9DF-4376-9480-60431BFC82F8}.Development|Default.ActiveCfg = Development
		{5F66F322-B9DF-4376-9480-60431BFC82F8}.Development|Default.Build.0 = Development
	EndGlobalSection
	GlobalSection(SolutionProperties) = preSolution
		HideSolutionNode = FALSE
	EndGlobalSection
	GlobalSection(ExtensibilityGlobals) = postSolution
		SolutionGuid = {7692D70E-5007-456A-B9B5-1756E31BA49D}
	EndGlobalSection
EndGlobal
